
Microsoft Visual Studio Solution File, Format Version 12.00
Project("{FAE04EC0-301F-11D3-BF4B-00C04F79EFBC}") = "Portare.Data", "Portare.Data\Portare.Data.csproj", "{9AF3876F-2431-474E-B9E3-CE0AB5911B33}"
EndProject
Project("{FAE04EC0-301F-11D3-BF4B-00C04F79EFBC}") = "Portare.Resolver", "Portare.Resolver\Portare.Resolver.csproj", "{87D4349D-7F60-4C4D-8016-E734D745E429}"
EndProject
Project("{FAE04EC0-301F-11D3-BF4B-00C04F79EFBC}") = "Portare.Web", "Portare.Web\Portare.Web.csproj", "{723B5F03-6F6E-49D7-AC3C-E6B90D34D434}"
EndProject
Project("{FAE04EC0-301F-11D3-BF4B-00C04F79EFBC}") = "Portare.Core", "Portare.Core\Portare.Core.csproj", "{9D7605F1-D918-4BC5-98B8-A3A4C3B19D3C}"
EndProject
Global
	GlobalSection(SolutionConfigurationPlatforms) = preSolution
		Debug|Any CPU = Debug|Any CPU
		Release|Any CPU = Release|Any CPU
	EndGlobalSection
	GlobalSection(ProjectConfigurationPlatforms) = postSolution
		{9AF3876F-2431-474E-B9E3-CE0AB5911B33}.Debug|Any CPU.ActiveCfg = Debug|Any CPU
		{9AF3876F-2431-474E-B9E3-CE0AB5911B33}.Debug|Any CPU.Build.0 = Debug|Any CPU
		{9AF3876F-2431-474E-B9E3-CE0AB5911B33}.Release|Any CPU.ActiveCfg = Release|Any CPU
		{9AF3876F-2431-474E-B9E3-CE0AB5911B33}.Release|Any CPU.Build.0 = Release|Any CPU
		{87D4349D-7F60-4C4D-8016-E734D745E429}.Debug|Any CPU.ActiveCfg = Debug|Any CPU
		{87D4349D-7F60-4C4D-8016-E734D745E429}.Debug|Any CPU.Build.0 = Debug|Any CPU
		{87D4349D-7F60-4C4D-8016-E734D745E429}.Release|Any CPU.ActiveCfg = Release|Any CPU
		{87D4349D-7F60-4C4D-8016-E734D745E429}.Release|Any CPU.Build.0 = Release|Any CPU
		{723B5F03-6F6E-49D7-AC3C-E6B90D34D434}.Debug|Any CPU.ActiveCfg = Debug|Any CPU
		{723B5F03-6F6E-49D7-AC3C-E6B90D34D434}.Debug|Any CPU.Build.0 = Debug|Any CPU
		{723B5F03-6F6E-49D7-AC3C-E6B90D34D434}.Release|Any CPU.ActiveCfg = Release|Any CPU
		{723B5F03-6F6E-49D7-AC3C-E6B90D34D434}.Release|Any CPU.Build.0 = Release|Any CPU
		{9D7605F1-D918-4BC5-98B8-A3A4C3B19D3C}.Debug|Any CPU.ActiveCfg = Debug|Any CPU
		{9D7605F1-D918-4BC5-98B8-A3A4C3B19D3C}.Debug|Any CPU.Build.0 = Debug|Any CPU
		{9D7605F1-D918-4BC5-98B8-A3A4C3B19D3C}.Release|Any CPU.ActiveCfg = Release|Any CPU
		{9D7605F1-D918-4BC5-98B8-A3A4C3B19D3C}.Release|Any CPU.Build.0 = Release|Any CPU
	EndGlobalSection
EndGlobal
